
Microsoft Visual Studio Solution File, Format Version 12.00
# Visual Studio Version 17
VisualStudioVersion = 17.8.34322.80
MinimumVisualStudioVersion = 10.0.40219.1
Project("{9A19103F-16F7-4668-BE54-9A1E7A4F7556}") = "FoodDelieveryManagementAPI", "FoodDelieveryManagementAPI\FoodDelieveryManagementAPI.csproj", "{F6B9784C-4351-4BBB-BB85-FACA7FC05A7A}"
EndProject
Project("{FAE04EC0-301F-11D3-BF4B-00C04F79EFBC}") = "FoodDeliveryMangament.Tests", "FoodDeliveryMangament.Tests\FoodDeliveryMangament.Tests.csproj", "{0712730E-2A1A-4F57-B013-2ECBA1FE51B1}"
EndProject
Global
	GlobalSection(SolutionConfigurationPlatforms) = preSolution
		Debug|Any CPU = Debug|Any CPU
		Release|Any CPU = Release|Any CPU
	EndGlobalSection
	GlobalSection(ProjectConfigurationPlatforms) = postSolution
		{F6B9784C-4351-4BBB-BB85-FACA7FC05A7A}.Debug|Any CPU.ActiveCfg = Debug|Any CPU
		{F6B9784C-4351-4BBB-BB85-FACA7FC05A7A}.Debug|Any CPU.Build.0 = Debug|Any CPU
		{F6B9784C-4351-4BBB-BB85-FACA7FC05A7A}.Release|Any CPU.ActiveCfg = Release|Any CPU
		{F6B9784C-4351-4BBB-BB85-FACA7FC05A7A}.Release|Any CPU.Build.0 = Release|Any CPU
		{0712730E-2A1A-4F57-B013-2ECBA1FE51B1}.Debug|Any CPU.ActiveCfg = Debug|Any CPU
		{0712730E-2A1A-4F57-B013-2ECBA1FE51B1}.Debug|Any CPU.Build.0 = Debug|Any CPU
		{0712730E-2A1A-4F57-B013-2ECBA1FE51B1}.Release|Any CPU.ActiveCfg = Release|Any CPU
		{0712730E-2A1A-4F57-B013-2ECBA1FE51B1}.Release|Any CPU.Build.0 = Release|Any CPU
	EndGlobalSection
	GlobalSection(SolutionProperties) = preSolution
		HideSolutionNode = FALSE
	EndGlobalSection
	GlobalSection(ExtensibilityGlobals) = postSolution
		SolutionGuid = {56732CC6-5E82-4410-97CF-DE8A83B99684}
	EndGlobalSection
EndGlobal
